<?xml version="1.0" encoding="utf-8"?>
<Project ToolsVersion="4.0" xmlns="http://schemas.microsoft.com/developer/msbuild/2003">
  <ItemGroup>
    <ClCompile Include="Source\Log.cpp">
      <Filter>Utils</Filter>
    </ClCompile>
    <ClCompile Include="Source\External\PugiXml\src\pugixml.cpp">
      <Filter>External\PugiXml</Filter>
    </ClCompile>
    <ClCompile Include="Source\App.cpp">
      <Filter>Engine</Filter>
    </ClCompile>
    <ClCompile Include="Source\Main.cpp">
      <Filter>Engine</Filter>
    </ClCompile>
    <ClCompile Include="Source\Player.cpp">
      <Filter>Engine\Gameplay\Entities</Filter>
    </ClCompile>
    <ClCompile Include="Source\Intro.cpp">
      <Filter>Engine\Gameplay\Scenes</Filter>
    </ClCompile>
    <ClCompile Include="Source\Scene.cpp">
      <Filter>Engine\Gameplay\Scenes</Filter>
    </ClCompile>
    <ClCompile Include="Source\Scene2.cpp">
      <Filter>Engine\Gameplay\Scenes</Filter>
    </ClCompile>
    <ClCompile Include="Source\Title.cpp">
      <Filter>Engine\Gameplay\Scenes</Filter>
    </ClCompile>
    <ClCompile Include="Source\Collider.cpp">
      <Filter>Engine\Gameplay\Additional Modules</Filter>
    </ClCompile>
    <ClCompile Include="Source\Collisions.cpp">
      <Filter>Engine\Gameplay\Additional Modules</Filter>
    </ClCompile>
    <ClCompile Include="Source\Map.cpp">
      <Filter>Engine\Gameplay\Additional Modules</Filter>
    </ClCompile>
    <ClCompile Include="Source\Input.cpp">
      <Filter>Engine\Modules</Filter>
    </ClCompile>
    <ClCompile Include="Source\Audio.cpp">
      <Filter>Engine\Modules</Filter>
    </ClCompile>
    <ClCompile Include="Source\PerfTimer.cpp">
      <Filter>Engine\Modules</Filter>
    </ClCompile>
    <ClCompile Include="Source\Render.cpp">
      <Filter>Engine\Modules</Filter>
    </ClCompile>
    <ClCompile Include="Source\Textures.cpp">
      <Filter>Engine\Modules</Filter>
    </ClCompile>
    <ClCompile Include="Source\Timer.cpp">
      <Filter>Engine\Modules</Filter>
    </ClCompile>
    <ClCompile Include="Source\Window.cpp">
      <Filter>Engine\Modules</Filter>
    </ClCompile>
    <ClCompile Include="Source\FadeToBlack.cpp">
      <Filter>Engine\Modules</Filter>
    </ClCompile>
    <ClCompile Include="Source\EntityManager.cpp">
      <Filter>Engine\Gameplay\Entities</Filter>
    </ClCompile>
    <ClCompile Include="Source\Food.cpp">
      <Filter>Engine\Gameplay\Entities</Filter>
    </ClCompile>
    <ClCompile Include="Source\Coin.cpp">
      <Filter>Engine\Gameplay\Entities</Filter>
    </ClCompile>
    <ClCompile Include="Source\EnemyGround.cpp">
      <Filter>Engine\Gameplay\Entities</Filter>
    </ClCompile>
    <ClCompile Include="Source\Scene3.cpp">
      <Filter>Engine\Gameplay\Scenes</Filter>
    </ClCompile>
    <ClCompile Include="Source\EnemyAir.cpp">
      <Filter>Engine\Gameplay\Entities</Filter>
    </ClCompile>
    <ClCompile Include="Source\Pathfinding.cpp">
      <Filter>Engine</Filter>
    </ClCompile>
    <ClCompile Include="Source\GuiButton.cpp">
      <Filter>Gui</Filter>
    </ClCompile>
    <ClCompile Include="Source\GuiCheckBox.cpp">
      <Filter>Gui</Filter>
    </ClCompile>
    <ClCompile Include="Source\GuiManager.cpp">
      <Filter>Gui</Filter>
    </ClCompile>
    <ClCompile Include="Source\GuiSlider.cpp">
      <Filter>Gui</Filter>
    </ClCompile>
    <ClCompile Include="Source\ConfigScene.cpp">
      <Filter>Engine\Gameplay\Scenes</Filter>
    </ClCompile>
    <ClCompile Include="Source\CreditsScene.cpp">
      <Filter>Engine\Gameplay\Scenes</Filter>
    </ClCompile>
  </ItemGroup>
  <ItemGroup>
    <ClInclude Include="Source\Defs.h">
      <Filter>Utils</Filter>
    </ClInclude>
    <ClInclude Include="Source\DynArray.h">
      <Filter>Utils</Filter>
    </ClInclude>
    <ClInclude Include="Source\List.h">
      <Filter>Utils</Filter>
    </ClInclude>
    <ClInclude Include="Source\Log.h">
      <Filter>Utils</Filter>
    </ClInclude>
    <ClInclude Include="Source\Point.h">
      <Filter>Utils</Filter>
    </ClInclude>
    <ClInclude Include="Source\SString.h">
      <Filter>Utils</Filter>
    </ClInclude>
    <ClInclude Include="Source\External\PugiXml\src\pugiconfig.hpp">
      <Filter>External\PugiXml</Filter>
    </ClInclude>
    <ClInclude Include="Source\External\PugiXml\src\pugixml.hpp">
      <Filter>External\PugiXml</Filter>
    </ClInclude>
    <ClInclude Include="Source\App.h">
      <Filter>Engine</Filter>
    </ClInclude>
    <ClInclude Include="Source\Module.h">
      <Filter>Engine</Filter>
    </ClInclude>
    <ClInclude Include="Source\Animation.h">
      <Filter>Utils</Filter>
    </ClInclude>
    <ClInclude Include="Source\MemLeaks.h">
      <Filter>Utils</Filter>
    </ClInclude>
    <ClInclude Include="Source\Player.h">
      <Filter>Engine\Gameplay\Entities</Filter>
    </ClInclude>
    <ClInclude Include="Source\Intro.h">
      <Filter>Engine\Gameplay\Scenes</Filter>
    </ClInclude>
    <ClInclude Include="Source\Scene.h">
      <Filter>Engine\Gameplay\Scenes</Filter>
    </ClInclude>
    <ClInclude Include="Source\Scene2.h">
      <Filter>Engine\Gameplay\Scenes</Filter>
    </ClInclude>
    <ClInclude Include="Source\Title.h">
      <Filter>Engine\Gameplay\Scenes</Filter>
    </ClInclude>
    <ClInclude Include="Source\Collider.h">
      <Filter>Engine\Gameplay\Additional Modules</Filter>
    </ClInclude>
    <ClInclude Include="Source\Collisions.h">
      <Filter>Engine\Gameplay\Additional Modules</Filter>
    </ClInclude>
    <ClInclude Include="Source\Map.h">
      <Filter>Engine\Gameplay\Additional Modules</Filter>
    </ClInclude>
    <ClInclude Include="Source\Audio.h">
      <Filter>Engine\Modules</Filter>
    </ClInclude>
    <ClInclude Include="Source\Input.h">
      <Filter>Engine\Modules</Filter>
    </ClInclude>
    <ClInclude Include="Source\PerfTimer.h">
      <Filter>Engine\Modules</Filter>
    </ClInclude>
    <ClInclude Include="Source\Render.h">
      <Filter>Engine\Modules</Filter>
    </ClInclude>
    <ClInclude Include="Source\Textures.h">
      <Filter>Engine\Modules</Filter>
    </ClInclude>
    <ClInclude Include="Source\Timer.h">
      <Filter>Engine\Modules</Filter>
    </ClInclude>
    <ClInclude Include="Source\Window.h">
      <Filter>Engine\Modules</Filter>
    </ClInclude>
    <ClInclude Include="Source\FadeToBlack.h">
      <Filter>Engine\Modules</Filter>
    </ClInclude>
    <ClInclude Include="Source\EntityManager.h">
      <Filter>Engine\Gameplay\Entities</Filter>
    </ClInclude>
    <ClInclude Include="Source\Entity.h">
      <Filter>Engine\Gameplay\Entities</Filter>
    </ClInclude>
    <ClInclude Include="Source\Food.h">
      <Filter>Engine\Gameplay\Entities</Filter>
    </ClInclude>
    <ClInclude Include="Source\Coin.h">
      <Filter>Engine\Gameplay\Entities</Filter>
    </ClInclude>
    <ClInclude Include="Source\EnemyGround.h">
      <Filter>Engine\Gameplay\Entities</Filter>
    </ClInclude>
    <ClInclude Include="Source\Scene3.h">
      <Filter>Engine\Gameplay\Scenes</Filter>
    </ClInclude>
    <ClInclude Include="Source\EnemyAir.h">
      <Filter>Engine\Gameplay\Entities</Filter>
    </ClInclude>
    <ClInclude Include="Source\Pathfinding.h">
      <Filter>Engine</Filter>
    </ClInclude>
    <ClInclude Include="Source\PQueue.h">
      <Filter>Engine</Filter>
    </ClInclude>
    <ClInclude Include="Source\Queue.h">
      <Filter>Engine</Filter>
    </ClInclude>
    <ClInclude Include="Source\GuiButton.h">
      <Filter>Gui</Filter>
    </ClInclude>
    <ClInclude Include="Source\GuiCheckBox.h">
      <Filter>Gui</Filter>
    </ClInclude>
    <ClInclude Include="Source\GuiControl.h">
      <Filter>Gui</Filter>
    </ClInclude>
    <ClInclude Include="Source\GuiManager.h">
      <Filter>Gui</Filter>
    </ClInclude>
    <ClInclude Include="Source\GuiSlider.h">
      <Filter>Gui</Filter>
    </ClInclude>
    <ClInclude Include="Source\ConfigScene.h">
      <Filter>Engine\Gameplay\Scenes</Filter>
    </ClInclude>
    <ClInclude Include="Source\CreditsScene.h">
      <Filter>Engine\Gameplay\Scenes</Filter>
    </ClInclude>
  </ItemGroup>
  <ItemGroup>
    <Filter Include="External">
      <UniqueIdentifier>{83a966c7-b4bb-4eff-9c2c-3ff3c7b55a60}</UniqueIdentifier>
    </Filter>
    <Filter Include="Utils">
      <UniqueIdentifier>{2cad778a-d356-48b0-9fee-587f1bbb187e}</UniqueIdentifier>
    </Filter>
    <Filter Include="External\PugiXml">
      <UniqueIdentifier>{2855ff7f-53a1-413d-a75b-18b4ade921dd}</UniqueIdentifier>
    </Filter>
    <Filter Include="Engine">
      <UniqueIdentifier>{ef0da278-a522-44d5-b655-f0557c0d0faf}</UniqueIdentifier>
    </Filter>
    <Filter Include="Engine\Gameplay">
      <UniqueIdentifier>{73f4e5ff-f712-4fb2-bbec-5402abf09ccf}</UniqueIdentifier>
    </Filter>
    <Filter Include="Engine\Gameplay\Additional Modules">
      <UniqueIdentifier>{ae54dfa1-056e-4a42-8f9b-dfd8b18d56d6}</UniqueIdentifier>
    </Filter>
    <Filter Include="Engine\Modules">
      <UniqueIdentifier>{cdb6c868-de50-4457-b1b9-28a9862cfb6e}</UniqueIdentifier>
    </Filter>
    <Filter Include="Engine\Gameplay\Scenes">
      <UniqueIdentifier>{a2888f59-ea19-42da-9bc2-61da08d20110}</UniqueIdentifier>
    </Filter>
    <Filter Include="Engine\Gameplay\Entities">
      <UniqueIdentifier>{eaf63536-21b1-4e54-8daa-1b45fcb0fcd6}</UniqueIdentifier>
    </Filter>
    <Filter Include="Gui">
      <UniqueIdentifier>{43de848d-5c58-453b-84b0-d08e6c2f0a30}</UniqueIdentifier>
    </Filter>
  </ItemGroup>
</Project>